Microsoft Visual Studio Solution File, Format Version 11.00
# Visual Studio 2010
Project("{FAE04EC0-301F-11D3-BF4B-00C04F79EFBC}") = "Assembly-CSharp", "Assembly-CSharp.csproj", "{DCF75E1B-621D-42AA-E6D5-F6F93885420E}"
EndProject
Project("{FAE04EC0-301F-11D3-BF4B-00C04F79EFBC}") = "Sirenix.OdinInspector.CompatibilityLayer", "Sirenix.OdinInspector.CompatibilityLayer.csproj", "{5B0E620B-EE95-FE26-861B-B98EE3E2F299}"
EndProject
Project("{FAE04EC0-301F-11D3-BF4B-00C04F79EFBC}") = "Sirenix.OdinInspector.CompatibilityLayer.Editor", "Sirenix.OdinInspector.CompatibilityLayer.Editor.csproj", "{764675C9-9CFD-92AD-9ABA-50AC759485B6}"
EndProject
Global
	GlobalSection(SolutionConfigurationPlatforms) = preSolution
		Debug|Any CPU = Debug|Any CPU
		Release|Any CPU = Release|Any CPU
	EndGlobalSection
	GlobalSection(ProjectConfigurationPlatforms) = postSolution
		{DCF75E1B-621D-42AA-E6D5-F6F93885420E}.Debug|Any CPU.ActiveCfg = Debug|Any CPU
		{DCF75E1B-621D-42AA-E6D5-F6F93885420E}.Debug|Any CPU.Build.0 = Debug|Any CPU
		{DCF75E1B-621D-42AA-E6D5-F6F93885420E}.Release|Any CPU.ActiveCfg = Release|Any CPU
		{DCF75E1B-621D-42AA-E6D5-F6F93885420E}.Release|Any CPU.Build.0 = Release|Any CPU
		{5B0E620B-EE95-FE26-861B-B98EE3E2F299}.Debug|Any CPU.ActiveCfg = Debug|Any CPU
		{5B0E620B-EE95-FE26-861B-B98EE3E2F299}.Debug|Any CPU.Build.0 = Debug|Any CPU
		{5B0E620B-EE95-FE26-861B-B98EE3E2F299}.Release|Any CPU.ActiveCfg = Release|Any CPU
		{5B0E620B-EE95-FE26-861B-B98EE3E2F299}.Release|Any CPU.Build.0 = Release|Any CPU
		{764675C9-9CFD-92AD-9ABA-50AC759485B6}.Debug|Any CPU.ActiveCfg = Debug|Any CPU
		{764675C9-9CFD-92AD-9ABA-50AC759485B6}.Debug|Any CPU.Build.0 = Debug|Any CPU
		{764675C9-9CFD-92AD-9ABA-50AC759485B6}.Release|Any CPU.ActiveCfg = Release|Any CPU
		{764675C9-9CFD-92AD-9ABA-50AC759485B6}.Release|Any CPU.Build.0 = Release|Any CPU
	EndGlobalSection
	GlobalSection(SolutionProperties) = preSolution
		HideSolutionNode = FALSE
	EndGlobalSection
EndGlobal
